
Microsoft Visual Studio Solution File, Format Version 12.00
# Visual Studio Version 17
VisualStudioVersion = 17.0.31903.59
MinimumVisualStudioVersion = 10.0.40219.1
Project("{2150E333-8FDC-42A3-9474-1A3956D46DE8}") = "src", "src", "{D52A2A29-A91B-43B4-AF90-A495397538EF}"
EndProject
Project("{FAE04EC0-301F-11D3-BF4B-00C04F79EFBC}") = "Boto", "src\Boto\Boto.csproj", "{0C7E9E7E-79CF-4F09-A387-3AF34EE65740}"
EndProject
Project("{2150E333-8FDC-42A3-9474-1A3956D46DE8}") = "Solution Items", "Solution Items", "{A92D9FBE-526B-4FD6-8F77-EF841F0B4A9D}"
	ProjectSection(SolutionItems) = preProject
		.editorconfig = .editorconfig
		Directory.Build.props = Directory.Build.props
		Directory.Packages.props = Directory.Packages.props
		global.json = global.json
		.gitattributes = .gitattributes
		.gitignore = .gitignore
	EndProjectSection
EndProject
Project("{2150E333-8FDC-42A3-9474-1A3956D46DE8}") = "tests", "tests", "{9FB98FA1-3747-453B-9DFD-4C8CE1E699C5}"
EndProject
Project("{FAE04EC0-301F-11D3-BF4B-00C04F79EFBC}") = "Boto.Tests", "tests\Boto.Tests\Boto.Tests.csproj", "{46D5B5DB-C762-4645-BBB7-6AE88E1018AC}"
EndProject
Project("{FAE04EC0-301F-11D3-BF4B-00C04F79EFBC}") = "Boto.Tutu", "src\Boto.Tutu\Boto.Tutu.csproj", "{44E0D53B-A2EF-4156-876E-F65153B220E4}"
EndProject
Project("{2150E333-8FDC-42A3-9474-1A3956D46DE8}") = "samples", "samples", "{0BCF7D0D-43A5-451A-B9B1-04BC7ADB9303}"
EndProject
Project("{FAE04EC0-301F-11D3-BF4B-00C04F79EFBC}") = "ListSample", "samples\ListSample\ListSample.csproj", "{9D4691E7-7274-4D23-9E88-B98BB4345D7E}"
EndProject
Project("{FAE04EC0-301F-11D3-BF4B-00C04F79EFBC}") = "BlockSample", "samples\BlockSample\BlockSample.csproj", "{A7935F0C-1179-4D46-9EE2-48DAF778EAD3}"
EndProject
Project("{FAE04EC0-301F-11D3-BF4B-00C04F79EFBC}") = "BarchartSample", "samples\BarchartSample\BarchartSample.csproj", "{31866FE2-E045-4FE8-8556-892F0EA40ADB}"
EndProject
Project("{FAE04EC0-301F-11D3-BF4B-00C04F79EFBC}") = "GaugeSample", "samples\GaugeSample\GaugeSample.csproj", "{F79ED99F-F71B-4A6B-B4CE-3F487EF93BA2}"
EndProject
Project("{FAE04EC0-301F-11D3-BF4B-00C04F79EFBC}") = "LayoutSample", "samples\LayoutSample\LayoutSample.csproj", "{62F5C7AD-7F4D-43AE-9E57-636D2F19990D}"
EndProject
Project("{FAE04EC0-301F-11D3-BF4B-00C04F79EFBC}") = "ParagraphSample", "samples\ParagraphSample\ParagraphSample.csproj", "{CCA3633B-4DE1-4696-A465-F8AA61559B7D}"
EndProject
Project("{FAE04EC0-301F-11D3-BF4B-00C04F79EFBC}") = "PopupSample", "samples\PopupSample\PopupSample.csproj", "{C70C20FF-964B-4A1B-AEAA-F271201054D4}"
EndProject
Project("{FAE04EC0-301F-11D3-BF4B-00C04F79EFBC}") = "SparklineSample", "samples\SparklineSample\SparklineSample.csproj", "{4BBF7BDB-78E3-452E-92E2-31990A0B89F6}"
EndProject
Project("{FAE04EC0-301F-11D3-BF4B-00C04F79EFBC}") = "TableSample", "samples\TableSample\TableSample.csproj", "{A237CCC0-89E0-46C8-8554-AFC11ACDA0E2}"
EndProject
Project("{FAE04EC0-301F-11D3-BF4B-00C04F79EFBC}") = "TabSample", "samples\TabSample\TabSample.csproj", "{08963D34-4B52-422F-83A3-AC928370A705}"
EndProject
Project("{FAE04EC0-301F-11D3-BF4B-00C04F79EFBC}") = "ChartSample", "samples\ChartSample\ChartSample.csproj", "{E8C45C0C-4194-42AB-B433-8D592EF80D45}"
EndProject
Project("{FAE04EC0-301F-11D3-BF4B-00C04F79EFBC}") = "CanvasSample", "samples\CanvasSample\CanvasSample.csproj", "{C09C218A-1FF3-4299-B839-5C30E11AC715}"
EndProject
Project("{9A19103F-16F7-4668-BE54-9A1E7A4F7556}") = "_build", "build\_build.csproj", "{A3A4E053-7022-4902-A549-7D0074EC18F5}"
EndProject
Global
	GlobalSection(SolutionConfigurationPlatforms) = preSolution
		Debug|Any CPU = Debug|Any CPU
		Release|Any CPU = Release|Any CPU
	EndGlobalSection
	GlobalSection(SolutionProperties) = preSolution
		HideSolutionNode = FALSE
	EndGlobalSection
	GlobalSection(ProjectConfigurationPlatforms) = postSolution
		{A3A4E053-7022-4902-A549-7D0074EC18F5}.Debug|Any CPU.ActiveCfg = Debug|Any CPU
		{A3A4E053-7022-4902-A549-7D0074EC18F5}.Release|Any CPU.ActiveCfg = Release|Any CPU
		{0C7E9E7E-79CF-4F09-A387-3AF34EE65740}.Debug|Any CPU.ActiveCfg = Debug|Any CPU
		{0C7E9E7E-79CF-4F09-A387-3AF34EE65740}.Debug|Any CPU.Build.0 = Debug|Any CPU
		{0C7E9E7E-79CF-4F09-A387-3AF34EE65740}.Release|Any CPU.ActiveCfg = Release|Any CPU
		{0C7E9E7E-79CF-4F09-A387-3AF34EE65740}.Release|Any CPU.Build.0 = Release|Any CPU
		{46D5B5DB-C762-4645-BBB7-6AE88E1018AC}.Debug|Any CPU.ActiveCfg = Debug|Any CPU
		{46D5B5DB-C762-4645-BBB7-6AE88E1018AC}.Debug|Any CPU.Build.0 = Debug|Any CPU
		{46D5B5DB-C762-4645-BBB7-6AE88E1018AC}.Release|Any CPU.ActiveCfg = Release|Any CPU
		{46D5B5DB-C762-4645-BBB7-6AE88E1018AC}.Release|Any CPU.Build.0 = Release|Any CPU
		{44E0D53B-A2EF-4156-876E-F65153B220E4}.Debug|Any CPU.ActiveCfg = Debug|Any CPU
		{44E0D53B-A2EF-4156-876E-F65153B220E4}.Debug|Any CPU.Build.0 = Debug|Any CPU
		{44E0D53B-A2EF-4156-876E-F65153B220E4}.Release|Any CPU.ActiveCfg = Release|Any CPU
		{44E0D53B-A2EF-4156-876E-F65153B220E4}.Release|Any CPU.Build.0 = Release|Any CPU
		{9D4691E7-7274-4D23-9E88-B98BB4345D7E}.Debug|Any CPU.ActiveCfg = Debug|Any CPU
		{9D4691E7-7274-4D23-9E88-B98BB4345D7E}.Debug|Any CPU.Build.0 = Debug|Any CPU
		{9D4691E7-7274-4D23-9E88-B98BB4345D7E}.Release|Any CPU.ActiveCfg = Release|Any CPU
		{9D4691E7-7274-4D23-9E88-B98BB4345D7E}.Release|Any CPU.Build.0 = Release|Any CPU
		{A7935F0C-1179-4D46-9EE2-48DAF778EAD3}.Debug|Any CPU.ActiveCfg = Debug|Any CPU
		{A7935F0C-1179-4D46-9EE2-48DAF778EAD3}.Debug|Any CPU.Build.0 = Debug|Any CPU
		{A7935F0C-1179-4D46-9EE2-48DAF778EAD3}.Release|Any CPU.ActiveCfg = Release|Any CPU
		{A7935F0C-1179-4D46-9EE2-48DAF778EAD3}.Release|Any CPU.Build.0 = Release|Any CPU
		{31866FE2-E045-4FE8-8556-892F0EA40ADB}.Debug|Any CPU.ActiveCfg = Debug|Any CPU
		{31866FE2-E045-4FE8-8556-892F0EA40ADB}.Debug|Any CPU.Build.0 = Debug|Any CPU
		{31866FE2-E045-4FE8-8556-892F0EA40ADB}.Release|Any CPU.ActiveCfg = Release|Any CPU
		{31866FE2-E045-4FE8-8556-892F0EA40ADB}.Release|Any CPU.Build.0 = Release|Any CPU
		{F79ED99F-F71B-4A6B-B4CE-3F487EF93BA2}.Debug|Any CPU.ActiveCfg = Debug|Any CPU
		{F79ED99F-F71B-4A6B-B4CE-3F487EF93BA2}.Debug|Any CPU.Build.0 = Debug|Any CPU
		{F79ED99F-F71B-4A6B-B4CE-3F487EF93BA2}.Release|Any CPU.ActiveCfg = Release|Any CPU
		{F79ED99F-F71B-4A6B-B4CE-3F487EF93BA2}.Release|Any CPU.Build.0 = Release|Any CPU
		{62F5C7AD-7F4D-43AE-9E57-636D2F19990D}.Debug|Any CPU.ActiveCfg = Debug|Any CPU
		{62F5C7AD-7F4D-43AE-9E57-636D2F19990D}.Debug|Any CPU.Build.0 = Debug|Any CPU
		{62F5C7AD-7F4D-43AE-9E57-636D2F19990D}.Release|Any CPU.ActiveCfg = Release|Any CPU
		{62F5C7AD-7F4D-43AE-9E57-636D2F19990D}.Release|Any CPU.Build.0 = Release|Any CPU
		{CCA3633B-4DE1-4696-A465-F8AA61559B7D}.Debug|Any CPU.ActiveCfg = Debug|Any CPU
		{CCA3633B-4DE1-4696-A465-F8AA61559B7D}.Debug|Any CPU.Build.0 = Debug|Any CPU
		{CCA3633B-4DE1-4696-A465-F8AA61559B7D}.Release|Any CPU.ActiveCfg = Release|Any CPU
		{CCA3633B-4DE1-4696-A465-F8AA61559B7D}.Release|Any CPU.Build.0 = Release|Any CPU
		{C70C20FF-964B-4A1B-AEAA-F271201054D4}.Debug|Any CPU.ActiveCfg = Debug|Any CPU
		{C70C20FF-964B-4A1B-AEAA-F271201054D4}.Debug|Any CPU.Build.0 = Debug|Any CPU
		{C70C20FF-964B-4A1B-AEAA-F271201054D4}.Release|Any CPU.ActiveCfg = Release|Any CPU
		{C70C20FF-964B-4A1B-AEAA-F271201054D4}.Release|Any CPU.Build.0 = Release|Any CPU
		{4BBF7BDB-78E3-452E-92E2-31990A0B89F6}.Debug|Any CPU.ActiveCfg = Debug|Any CPU
		{4BBF7BDB-78E3-452E-92E2-31990A0B89F6}.Debug|Any CPU.Build.0 = Debug|Any CPU
		{4BBF7BDB-78E3-452E-92E2-31990A0B89F6}.Release|Any CPU.ActiveCfg = Release|Any CPU
		{4BBF7BDB-78E3-452E-92E2-31990A0B89F6}.Release|Any CPU.Build.0 = Release|Any CPU
		{A237CCC0-89E0-46C8-8554-AFC11ACDA0E2}.Debug|Any CPU.ActiveCfg = Debug|Any CPU
		{A237CCC0-89E0-46C8-8554-AFC11ACDA0E2}.Debug|Any CPU.Build.0 = Debug|Any CPU
		{A237CCC0-89E0-46C8-8554-AFC11ACDA0E2}.Release|Any CPU.ActiveCfg = Release|Any CPU
		{A237CCC0-89E0-46C8-8554-AFC11ACDA0E2}.Release|Any CPU.Build.0 = Release|Any CPU
		{08963D34-4B52-422F-83A3-AC928370A705}.Debug|Any CPU.ActiveCfg = Debug|Any CPU
		{08963D34-4B52-422F-83A3-AC928370A705}.Debug|Any CPU.Build.0 = Debug|Any CPU
		{08963D34-4B52-422F-83A3-AC928370A705}.Release|Any CPU.ActiveCfg = Release|Any CPU
		{08963D34-4B52-422F-83A3-AC928370A705}.Release|Any CPU.Build.0 = Release|Any CPU
		{E8C45C0C-4194-42AB-B433-8D592EF80D45}.Debug|Any CPU.ActiveCfg = Debug|Any CPU
		{E8C45C0C-4194-42AB-B433-8D592EF80D45}.Debug|Any CPU.Build.0 = Debug|Any CPU
		{E8C45C0C-4194-42AB-B433-8D592EF80D45}.Release|Any CPU.ActiveCfg = Release|Any CPU
		{E8C45C0C-4194-42AB-B433-8D592EF80D45}.Release|Any CPU.Build.0 = Release|Any CPU
		{C09C218A-1FF3-4299-B839-5C30E11AC715}.Debug|Any CPU.ActiveCfg = Debug|Any CPU
		{C09C218A-1FF3-4299-B839-5C30E11AC715}.Debug|Any CPU.Build.0 = Debug|Any CPU
		{C09C218A-1FF3-4299-B839-5C30E11AC715}.Release|Any CPU.ActiveCfg = Release|Any CPU
		{C09C218A-1FF3-4299-B839-5C30E11AC715}.Release|Any CPU.Build.0 = Release|Any CPU
	EndGlobalSection
	GlobalSection(NestedProjects) = preSolution
		{0C7E9E7E-79CF-4F09-A387-3AF34EE65740} = {D52A2A29-A91B-43B4-AF90-A495397538EF}
		{46D5B5DB-C762-4645-BBB7-6AE88E1018AC} = {9FB98FA1-3747-453B-9DFD-4C8CE1E699C5}
		{44E0D53B-A2EF-4156-876E-F65153B220E4} = {D52A2A29-A91B-43B4-AF90-A495397538EF}
		{9D4691E7-7274-4D23-9E88-B98BB4345D7E} = {0BCF7D0D-43A5-451A-B9B1-04BC7ADB9303}
		{A7935F0C-1179-4D46-9EE2-48DAF778EAD3} = {0BCF7D0D-43A5-451A-B9B1-04BC7ADB9303}
		{31866FE2-E045-4FE8-8556-892F0EA40ADB} = {0BCF7D0D-43A5-451A-B9B1-04BC7ADB9303}
		{F79ED99F-F71B-4A6B-B4CE-3F487EF93BA2} = {0BCF7D0D-43A5-451A-B9B1-04BC7ADB9303}
		{62F5C7AD-7F4D-43AE-9E57-636D2F19990D} = {0BCF7D0D-43A5-451A-B9B1-04BC7ADB9303}
		{CCA3633B-4DE1-4696-A465-F8AA61559B7D} = {0BCF7D0D-43A5-451A-B9B1-04BC7ADB9303}
		{C70C20FF-964B-4A1B-AEAA-F271201054D4} = {0BCF7D0D-43A5-451A-B9B1-04BC7ADB9303}
		{4BBF7BDB-78E3-452E-92E2-31990A0B89F6} = {0BCF7D0D-43A5-451A-B9B1-04BC7ADB9303}
		{A237CCC0-89E0-46C8-8554-AFC11ACDA0E2} = {0BCF7D0D-43A5-451A-B9B1-04BC7ADB9303}
		{08963D34-4B52-422F-83A3-AC928370A705} = {0BCF7D0D-43A5-451A-B9B1-04BC7ADB9303}
		{E8C45C0C-4194-42AB-B433-8D592EF80D45} = {0BCF7D0D-43A5-451A-B9B1-04BC7ADB9303}
		{C09C218A-1FF3-4299-B839-5C30E11AC715} = {0BCF7D0D-43A5-451A-B9B1-04BC7ADB9303}
	EndGlobalSection
EndGlobal
